
Microsoft Visual Studio Solution File, Format Version 12.00
# Visual Studio 15
VisualStudioVersion = 15.0.28307.421
MinimumVisualStudioVersion = 10.0.40219.1
Project("{FAE04EC0-301F-11D3-BF4B-00C04F79EFBC}") = "NServiceBus.AspNetCore", "NServiceBus.AspNetCore\NServiceBus.AspNetCore.csproj", "{425F1D0C-AFCF-4257-96FF-C3AE12EF5805}"
EndProject
Project("{2150E333-8FDC-42A3-9474-1A3956D46DE8}") = "Solution Items", "Solution Items", "{722F1F22-8099-4AAD-97A3-7391A3FFE1D3}"
	ProjectSection(SolutionItems) = preProject
		azure-pipelines.yml = azure-pipelines.yml
		Directory.Build.props = Directory.Build.props
		version.json = version.json
	EndProjectSection
EndProject
Global
	GlobalSection(SolutionConfigurationPlatforms) = preSolution
		Debug|Any CPU = Debug|Any CPU
		Release|Any CPU = Release|Any CPU
	EndGlobalSection
	GlobalSection(ProjectConfigurationPlatforms) = postSolution
		{425F1D0C-AFCF-4257-96FF-C3AE12EF5805}.Debug|Any CPU.ActiveCfg = Debug|Any CPU
		{425F1D0C-AFCF-4257-96FF-C3AE12EF5805}.Debug|Any CPU.Build.0 = Debug|Any CPU
		{425F1D0C-AFCF-4257-96FF-C3AE12EF5805}.Release|Any CPU.ActiveCfg = Release|Any CPU
		{425F1D0C-AFCF-4257-96FF-C3AE12EF5805}.Release|Any CPU.Build.0 = Release|Any CPU
	EndGlobalSection
	GlobalSection(SolutionProperties) = preSolution
		HideSolutionNode = FALSE
	EndGlobalSection
	GlobalSection(ExtensibilityGlobals) = postSolution
		SolutionGuid = {B209BDC0-CA94-4263-A890-0BCF3126FA68}
	EndGlobalSection
EndGlobal
